
Microsoft Visual Studio Solution File, Format Version 12.00
# Visual Studio Version 16
VisualStudioVersion = 16.0.31112.23
MinimumVisualStudioVersion = 10.0.40219.1
Project("{2150E333-8FDC-42A3-9474-1A3956D46DE8}") = "Core", "Core", "{1EDEC2A5-B05C-48F0-A1E6-F953287A317C}"
EndProject
Project("{2150E333-8FDC-42A3-9474-1A3956D46DE8}") = "Infrastructure", "Infrastructure", "{AC85DDF3-B9AA-4AA9-984B-5A390CB72F15}"
EndProject
Project("{2150E333-8FDC-42A3-9474-1A3956D46DE8}") = "Presentation", "Presentation", "{7409EE35-17CE-40E4-BFCB-1DAEBA8D04D2}"
EndProject
Project("{9A19103F-16F7-4668-BE54-9A1E7A4F7556}") = "Domain", "Domain\Domain.csproj", "{DE546205-1042-4C53-B7B9-2D766BC892AD}"
EndProject
Project("{9A19103F-16F7-4668-BE54-9A1E7A4F7556}") = "Application", "Application\Application.csproj", "{64CE03C0-68EB-4677-BF01-E3FA1B5FC809}"
EndProject
Project("{9A19103F-16F7-4668-BE54-9A1E7A4F7556}") = "Persistence", "Persistence\Persistence.csproj", "{2262081D-71EF-46C6-BD9D-5AAC594D8032}"
EndProject
Project("{9A19103F-16F7-4668-BE54-9A1E7A4F7556}") = "WebApi", "WebApi\WebApi.csproj", "{8F18A39B-3718-45D7-8B05-53E324F5B850}"
EndProject
Project("{2150E333-8FDC-42A3-9474-1A3956D46DE8}") = "Tests", "Tests", "{08C7D442-82AA-49AC-A867-7A090EE249F2}"
EndProject
Project("{FAE04EC0-301F-11D3-BF4B-00C04F79EFBC}") = "Infrastructure.Tests", "Infrastructure.Tests\Infrastructure.Tests.csproj", "{F0B4754D-CF4D-4E22-A55D-F09DA500E678}"
EndProject
Project("{FAE04EC0-301F-11D3-BF4B-00C04F79EFBC}") = "Core.Tests", "Core.Tests\Core.Tests.csproj", "{81B25E29-09AE-4127-951F-2F94A5E73C22}"
EndProject
Project("{FAE04EC0-301F-11D3-BF4B-00C04F79EFBC}") = "Presentation.Tests", "Presentation.Tests\Presentation.Tests.csproj", "{B8B57F66-4EFF-4749-B97E-F71626BCBB62}"
EndProject
Project("{FAE04EC0-301F-11D3-BF4B-00C04F79EFBC}") = "Tests.Helpers", "Tests.Helpers\Tests.Helpers.csproj", "{558C36B2-2B0A-400F-AC39-14ABBEEFA6D2}"
EndProject
Global
	GlobalSection(SolutionConfigurationPlatforms) = preSolution
		Debug|Any CPU = Debug|Any CPU
		Release|Any CPU = Release|Any CPU
	EndGlobalSection
	GlobalSection(ProjectConfigurationPlatforms) = postSolution
		{DE546205-1042-4C53-B7B9-2D766BC892AD}.Debug|Any CPU.ActiveCfg = Debug|Any CPU
		{DE546205-1042-4C53-B7B9-2D766BC892AD}.Debug|Any CPU.Build.0 = Debug|Any CPU
		{DE546205-1042-4C53-B7B9-2D766BC892AD}.Release|Any CPU.ActiveCfg = Release|Any CPU
		{DE546205-1042-4C53-B7B9-2D766BC892AD}.Release|Any CPU.Build.0 = Release|Any CPU
		{64CE03C0-68EB-4677-BF01-E3FA1B5FC809}.Debug|Any CPU.ActiveCfg = Debug|Any CPU
		{64CE03C0-68EB-4677-BF01-E3FA1B5FC809}.Debug|Any CPU.Build.0 = Debug|Any CPU
		{64CE03C0-68EB-4677-BF01-E3FA1B5FC809}.Release|Any CPU.ActiveCfg = Release|Any CPU
		{64CE03C0-68EB-4677-BF01-E3FA1B5FC809}.Release|Any CPU.Build.0 = Release|Any CPU
		{2262081D-71EF-46C6-BD9D-5AAC594D8032}.Debug|Any CPU.ActiveCfg = Debug|Any CPU
		{2262081D-71EF-46C6-BD9D-5AAC594D8032}.Debug|Any CPU.Build.0 = Debug|Any CPU
		{2262081D-71EF-46C6-BD9D-5AAC594D8032}.Release|Any CPU.ActiveCfg = Release|Any CPU
		{2262081D-71EF-46C6-BD9D-5AAC594D8032}.Release|Any CPU.Build.0 = Release|Any CPU
		{8F18A39B-3718-45D7-8B05-53E324F5B850}.Debug|Any CPU.ActiveCfg = Debug|Any CPU
		{8F18A39B-3718-45D7-8B05-53E324F5B850}.Debug|Any CPU.Build.0 = Debug|Any CPU
		{8F18A39B-3718-45D7-8B05-53E324F5B850}.Release|Any CPU.ActiveCfg = Release|Any CPU
		{8F18A39B-3718-45D7-8B05-53E324F5B850}.Release|Any CPU.Build.0 = Release|Any CPU
		{F0B4754D-CF4D-4E22-A55D-F09DA500E678}.Debug|Any CPU.ActiveCfg = Debug|Any CPU
		{F0B4754D-CF4D-4E22-A55D-F09DA500E678}.Debug|Any CPU.Build.0 = Debug|Any CPU
		{F0B4754D-CF4D-4E22-A55D-F09DA500E678}.Release|Any CPU.ActiveCfg = Release|Any CPU
		{F0B4754D-CF4D-4E22-A55D-F09DA500E678}.Release|Any CPU.Build.0 = Release|Any CPU
		{81B25E29-09AE-4127-951F-2F94A5E73C22}.Debug|Any CPU.ActiveCfg = Debug|Any CPU
		{81B25E29-09AE-4127-951F-2F94A5E73C22}.Debug|Any CPU.Build.0 = Debug|Any CPU
		{81B25E29-09AE-4127-951F-2F94A5E73C22}.Release|Any CPU.ActiveCfg = Release|Any CPU
		{81B25E29-09AE-4127-951F-2F94A5E73C22}.Release|Any CPU.Build.0 = Release|Any CPU
		{B8B57F66-4EFF-4749-B97E-F71626BCBB62}.Debug|Any CPU.ActiveCfg = Debug|Any CPU
		{B8B57F66-4EFF-4749-B97E-F71626BCBB62}.Debug|Any CPU.Build.0 = Debug|Any CPU
		{B8B57F66-4EFF-4749-B97E-F71626BCBB62}.Release|Any CPU.ActiveCfg = Release|Any CPU
		{B8B57F66-4EFF-4749-B97E-F71626BCBB62}.Release|Any CPU.Build.0 = Release|Any CPU
		{558C36B2-2B0A-400F-AC39-14ABBEEFA6D2}.Debug|Any CPU.ActiveCfg = Debug|Any CPU
		{558C36B2-2B0A-400F-AC39-14ABBEEFA6D2}.Debug|Any CPU.Build.0 = Debug|Any CPU
		{558C36B2-2B0A-400F-AC39-14ABBEEFA6D2}.Release|Any CPU.ActiveCfg = Release|Any CPU
		{558C36B2-2B0A-400F-AC39-14ABBEEFA6D2}.Release|Any CPU.Build.0 = Release|Any CPU
	EndGlobalSection
	GlobalSection(SolutionProperties) = preSolution
		HideSolutionNode = FALSE
	EndGlobalSection
	GlobalSection(NestedProjects) = preSolution
		{DE546205-1042-4C53-B7B9-2D766BC892AD} = {1EDEC2A5-B05C-48F0-A1E6-F953287A317C}
		{64CE03C0-68EB-4677-BF01-E3FA1B5FC809} = {1EDEC2A5-B05C-48F0-A1E6-F953287A317C}
		{2262081D-71EF-46C6-BD9D-5AAC594D8032} = {AC85DDF3-B9AA-4AA9-984B-5A390CB72F15}
		{8F18A39B-3718-45D7-8B05-53E324F5B850} = {7409EE35-17CE-40E4-BFCB-1DAEBA8D04D2}
		{F0B4754D-CF4D-4E22-A55D-F09DA500E678} = {08C7D442-82AA-49AC-A867-7A090EE249F2}
		{81B25E29-09AE-4127-951F-2F94A5E73C22} = {08C7D442-82AA-49AC-A867-7A090EE249F2}
		{B8B57F66-4EFF-4749-B97E-F71626BCBB62} = {08C7D442-82AA-49AC-A867-7A090EE249F2}
		{558C36B2-2B0A-400F-AC39-14ABBEEFA6D2} = {08C7D442-82AA-49AC-A867-7A090EE249F2}
	EndGlobalSection
	GlobalSection(ExtensibilityGlobals) = postSolution
		SolutionGuid = {CB9DA6DB-498F-4458-AEB1-F662BB2D2314}
	EndGlobalSection
EndGlobal
